
Microsoft Visual Studio Solution File, Format Version 12.00
# Visual Studio Version 17
VisualStudioVersion = 17.1.32407.343
MinimumVisualStudioVersion = 10.0.40219.1
Project("{FAE04EC0-301F-11D3-BF4B-00C04F79EFBC}") = "VariableExercise", "VariableExercise\VariableExercise.csproj", "{0D81325B-CB98-4A06-AE13-DBB17628086D}"
EndProject
Global
	GlobalSection(SolutionConfigurationPlatforms) = preSolution
		Debug|Any CPU = Debug|Any CPU
		Release|Any CPU = Release|Any CPU
	EndGlobalSection
	GlobalSection(ProjectConfigurationPlatforms) = postSolution
		{0D81325B-CB98-4A06-AE13-DBB17628086D}.Debug|Any CPU.ActiveCfg = Debug|Any CPU
		{0D81325B-CB98-4A06-AE13-DBB17628086D}.Debug|Any CPU.Build.0 = Debug|Any CPU
		{0D81325B-CB98-4A06-AE13-DBB17628086D}.Release|Any CPU.ActiveCfg = Release|Any CPU
		{0D81325B-CB98-4A06-AE13-DBB17628086D}.Release|Any CPU.Build.0 = Release|Any CPU
	EndGlobalSection
	GlobalSection(SolutionProperties) = preSolution
		HideSolutionNode = FALSE
	EndGlobalSection
	GlobalSection(ExtensibilityGlobals) = postSolution
		SolutionGuid = {0B86B626-DB15-4E3B-89AA-F6338A4AAAD3}
	EndGlobalSection
EndGlobal
